// !$*UTF8*$!
{
	archiveVersion = 1;
	classes = {
	};
	objectVersion = 60;
	objects = {

/* Begin PBXBuildFile section */
		107309E12C522B7900E37ED1 /* CalendarViewController.swift in Sources */ = {isa = PBXBuildFile; fileRef = 107309E02C522B7900E37ED1 /* CalendarViewController.swift */; };
		107309E32C522B8200E37ED1 /* DetailDayViewController.swift in Sources */ = {isa = PBXBuildFile; fileRef = 107309E22C522B8200E37ED1 /* DetailDayViewController.swift */; };
		107309E62C522B9F00E37ED1 /* DayCell.swift in Sources */ = {isa = PBXBuildFile; fileRef = 107309E52C522B9E00E37ED1 /* DayCell.swift */; };
		107309E92C522BB300E37ED1 /* CalendarView.swift in Sources */ = {isa = PBXBuildFile; fileRef = 107309E72C522BB200E37ED1 /* CalendarView.swift */; };
		107309EA2C522BB300E37ED1 /* CalendarHeaderView.swift in Sources */ = {isa = PBXBuildFile; fileRef = 107309E82C522BB300E37ED1 /* CalendarHeaderView.swift */; };
		107309EE2C57D95D00E37ED1 /* AddFriendCell.swift in Sources */ = {isa = PBXBuildFile; fileRef = 107309ED2C57D95D00E37ED1 /* AddFriendCell.swift */; };
		10F7DCBC2C45318700C69573 /* FirebaseAnalytics in Frameworks */ = {isa = PBXBuildFile; productRef = 10F7DCBB2C45318700C69573 /* FirebaseAnalytics */; };
		10F7DCBE2C45318700C69573 /* FirebaseAnalyticsOnDeviceConversion in Frameworks */ = {isa = PBXBuildFile; productRef = 10F7DCBD2C45318700C69573 /* FirebaseAnalyticsOnDeviceConversion */; };
		10F7DCC02C45318700C69573 /* FirebaseAnalyticsSwift in Frameworks */ = {isa = PBXBuildFile; productRef = 10F7DCBF2C45318700C69573 /* FirebaseAnalyticsSwift */; };
		10F7DCC22C45318700C69573 /* FirebaseAnalyticsWithoutAdIdSupport in Frameworks */ = {isa = PBXBuildFile; productRef = 10F7DCC12C45318700C69573 /* FirebaseAnalyticsWithoutAdIdSupport */; };
		10F7DCC42C45318700C69573 /* FirebaseAuth in Frameworks */ = {isa = PBXBuildFile; productRef = 10F7DCC32C45318700C69573 /* FirebaseAuth */; };
		10F7DCC62C45318700C69573 /* FirebaseAuthCombine-Community in Frameworks */ = {isa = PBXBuildFile; productRef = 10F7DCC52C45318700C69573 /* FirebaseAuthCombine-Community */; };
		10F7DCC82C45318700C69573 /* FirebaseDatabase in Frameworks */ = {isa = PBXBuildFile; productRef = 10F7DCC72C45318700C69573 /* FirebaseDatabase */; };
		10F7DCCA2C45318700C69573 /* FirebaseDatabaseSwift in Frameworks */ = {isa = PBXBuildFile; productRef = 10F7DCC92C45318700C69573 /* FirebaseDatabaseSwift */; };
		10F7DCCC2C45318700C69573 /* FirebaseDynamicLinks in Frameworks */ = {isa = PBXBuildFile; productRef = 10F7DCCB2C45318700C69573 /* FirebaseDynamicLinks */; };
		10F7DCCE2C45318700C69573 /* FirebaseFirestore in Frameworks */ = {isa = PBXBuildFile; productRef = 10F7DCCD2C45318700C69573 /* FirebaseFirestore */; };
		10F7DCD02C45318700C69573 /* FirebaseFirestoreCombine-Community in Frameworks */ = {isa = PBXBuildFile; productRef = 10F7DCCF2C45318700C69573 /* FirebaseFirestoreCombine-Community */; };
		10F7DCD22C45318700C69573 /* FirebaseFirestoreSwift in Frameworks */ = {isa = PBXBuildFile; productRef = 10F7DCD12C45318700C69573 /* FirebaseFirestoreSwift */; };
		10F7DCD42C45318700C69573 /* FirebaseStorage in Frameworks */ = {isa = PBXBuildFile; productRef = 10F7DCD32C45318700C69573 /* FirebaseStorage */; };
		10F7DCD62C45318700C69573 /* FirebaseStorageCombine-Community in Frameworks */ = {isa = PBXBuildFile; productRef = 10F7DCD52C45318700C69573 /* FirebaseStorageCombine-Community */; };
		10F7DCD82C45325C00C69573 /* GoogleService-Info.plist in Resources */ = {isa = PBXBuildFile; fileRef = 10F7DCD72C45325C00C69573 /* GoogleService-Info.plist */; };
		10F7DCE02C4557E900C69573 /* CustomBarItemConfiguration.swift in Sources */ = {isa = PBXBuildFile; fileRef = 10F7DCDF2C4557E900C69573 /* CustomBarItemConfiguration.swift */; };
		10F7DCE22C455D7E00C69573 /* FriendListView.swift in Sources */ = {isa = PBXBuildFile; fileRef = 10F7DCE12C455D7E00C69573 /* FriendListView.swift */; };
		10F7DCE52C455F1800C69573 /* FriendCell.swift in Sources */ = {isa = PBXBuildFile; fileRef = 10F7DCE42C455F1800C69573 /* FriendCell.swift */; };
		10F7DCE72C456AA600C69573 /* MomentListView.swift in Sources */ = {isa = PBXBuildFile; fileRef = 10F7DCE62C456AA600C69573 /* MomentListView.swift */; };
		10F7DCE92C456BC200C69573 /* MomentCell.swift in Sources */ = {isa = PBXBuildFile; fileRef = 10F7DCE82C456BC200C69573 /* MomentCell.swift */; };
		10F7DCEB2C4660E700C69573 /* TodayDateView.swift in Sources */ = {isa = PBXBuildFile; fileRef = 10F7DCEA2C4660E700C69573 /* TodayDateView.swift */; };
		10F7DCED2C46649F00C69573 /* ImageCacheManager.swift in Sources */ = {isa = PBXBuildFile; fileRef = 10F7DCEC2C46649F00C69573 /* ImageCacheManager.swift */; };
		10F7DCEF2C47557C00C69573 /* MomentFriendCell.swift in Sources */ = {isa = PBXBuildFile; fileRef = 10F7DCEE2C47557C00C69573 /* MomentFriendCell.swift */; };
		10F7DCF12C479F8300C69573 /* Extensions.swift in Sources */ = {isa = PBXBuildFile; fileRef = 10F7DCF02C479F8300C69573 /* Extensions.swift */; };
		10F7DD532C4E1F1200C69573 /* SettingViewController.swift in Sources */ = {isa = PBXBuildFile; fileRef = 10F7DD522C4E1F1200C69573 /* SettingViewController.swift */; };
		10F7DD562C4E1F6000C69573 /* SettingView.swift in Sources */ = {isa = PBXBuildFile; fileRef = 10F7DD552C4E1F6000C69573 /* SettingView.swift */; };
		10F7DD592C4E287700C69573 /* TitleButtonCell.swift in Sources */ = {isa = PBXBuildFile; fileRef = 10F7DD582C4E287700C69573 /* TitleButtonCell.swift */; };
		10F7DD612C4E408600C69573 /* CustomAlertViewController.swift in Sources */ = {isa = PBXBuildFile; fileRef = 10F7DD602C4E408600C69573 /* CustomAlertViewController.swift */; };
		1A1061CD2C47F519004D0396 /* FirebaseAppCheck in Frameworks */ = {isa = PBXBuildFile; productRef = 1A1061CC2C47F519004D0396 /* FirebaseAppCheck */; };
		1A1061CF2C47F519004D0396 /* FirebaseAppDistribution-Beta in Frameworks */ = {isa = PBXBuildFile; productRef = 1A1061CE2C47F519004D0396 /* FirebaseAppDistribution-Beta */; };
		1A1061D12C47F519004D0396 /* FirebaseCrashlytics in Frameworks */ = {isa = PBXBuildFile; productRef = 1A1061D02C47F519004D0396 /* FirebaseCrashlytics */; };
		1A1061D32C47F519004D0396 /* FirebaseFunctions in Frameworks */ = {isa = PBXBuildFile; productRef = 1A1061D22C47F519004D0396 /* FirebaseFunctions */; };
		1A1061D52C47F519004D0396 /* FirebaseFunctionsCombine-Community in Frameworks */ = {isa = PBXBuildFile; productRef = 1A1061D42C47F519004D0396 /* FirebaseFunctionsCombine-Community */; };
		1A1061D72C47F519004D0396 /* FirebaseInAppMessaging-Beta in Frameworks */ = {isa = PBXBuildFile; productRef = 1A1061D62C47F519004D0396 /* FirebaseInAppMessaging-Beta */; };
		1A1061D92C47F519004D0396 /* FirebaseMLModelDownloader in Frameworks */ = {isa = PBXBuildFile; productRef = 1A1061D82C47F519004D0396 /* FirebaseMLModelDownloader */; };
		1A1061DB2C47F519004D0396 /* FirebaseMessaging in Frameworks */ = {isa = PBXBuildFile; productRef = 1A1061DA2C47F519004D0396 /* FirebaseMessaging */; };
		1A1061DD2C47F519004D0396 /* FirebasePerformance in Frameworks */ = {isa = PBXBuildFile; productRef = 1A1061DC2C47F519004D0396 /* FirebasePerformance */; };
		1A1061DF2C47F519004D0396 /* FirebaseRemoteConfig in Frameworks */ = {isa = PBXBuildFile; productRef = 1A1061DE2C47F519004D0396 /* FirebaseRemoteConfig */; };
		1A1061E12C47F519004D0396 /* FirebaseRemoteConfigSwift in Frameworks */ = {isa = PBXBuildFile; productRef = 1A1061E02C47F519004D0396 /* FirebaseRemoteConfigSwift */; };
		1A1061E32C47F519004D0396 /* FirebaseVertexAI-Preview in Frameworks */ = {isa = PBXBuildFile; productRef = 1A1061E22C47F519004D0396 /* FirebaseVertexAI-Preview */; };
		1A1061EC2C4B5D7C004D0396 /* PostingMomentView.swift in Sources */ = {isa = PBXBuildFile; fileRef = 1A1061EB2C4B5D7C004D0396 /* PostingMomentView.swift */; };
		1A1061F82C4C2304004D0396 /* PostingMomentViewController.swift in Sources */ = {isa = PBXBuildFile; fileRef = 1A1061F72C4C2304004D0396 /* PostingMomentViewController.swift */; };
		1A1062072C4E2701004D0396 /* SnapKit in Frameworks */ = {isa = PBXBuildFile; productRef = 1A1062062C4E2701004D0396 /* SnapKit */; };
		1A10620A2C4E4703004D0396 /* UIButton.swift in Sources */ = {isa = PBXBuildFile; fileRef = 1A1062092C4E4703004D0396 /* UIButton.swift */; };
		1A1062102C50CE4C004D0396 /* MomentTextView.swift in Sources */ = {isa = PBXBuildFile; fileRef = 1A10620F2C50CE4C004D0396 /* MomentTextView.swift */; };
		1A10621D2C50EB29004D0396 /* User.swift in Sources */ = {isa = PBXBuildFile; fileRef = 1A10621C2C50EB29004D0396 /* User.swift */; };
		1A151AAC2C5272E7008ACFDA /* MapViewController.swift in Sources */ = {isa = PBXBuildFile; fileRef = 1A151AAB2C5272E7008ACFDA /* MapViewController.swift */; };
		1A69A7222C5691F600294D6D /* Network.swift in Sources */ = {isa = PBXBuildFile; fileRef = 10F7DD622C4F387500C69573 /* Network.swift */; };
		1A69A7232C5692DC00294D6D /* Moment.swift in Sources */ = {isa = PBXBuildFile; fileRef = 1A10621E2C50EB34004D0396 /* Moment.swift */; };
		1A69A7252C57828C00294D6D /* UIView+Extensions.swift in Sources */ = {isa = PBXBuildFile; fileRef = 1A69A7242C57828C00294D6D /* UIView+Extensions.swift */; };
		1A69A7272C578F5F00294D6D /* SharingManager.swift in Sources */ = {isa = PBXBuildFile; fileRef = 1A69A7262C578F5F00294D6D /* SharingManager.swift */; };

		1A9D95F72C5A5A14009BDF9C /* HomeNaviMapViewController.swift in Sources */ = {isa = PBXBuildFile; fileRef = 1A9D95F62C5A5A14009BDF9C /* HomeNaviMapViewController.swift */; };


		1A9D95F52C59FEBD009BDF9C /* UIColor+Extensions.swift in Sources */ = {isa = PBXBuildFile; fileRef = 1A9D95F42C59FEBD009BDF9C /* UIColor+Extensions.swift */; };


		1AB0751C2C3FC46100199164 /* AppDelegate.swift in Sources */ = {isa = PBXBuildFile; fileRef = 1AB0751B2C3FC46100199164 /* AppDelegate.swift */; };
		1AB0751E2C3FC46100199164 /* SceneDelegate.swift in Sources */ = {isa = PBXBuildFile; fileRef = 1AB0751D2C3FC46100199164 /* SceneDelegate.swift */; };
		1AB075252C3FC46200199164 /* Assets.xcassets in Resources */ = {isa = PBXBuildFile; fileRef = 1AB075242C3FC46200199164 /* Assets.xcassets */; };
		1AB075282C3FC46200199164 /* Base in Resources */ = {isa = PBXBuildFile; fileRef = 1AB075272C3FC46200199164 /* Base */; };
		1AB075382C3FC82100199164 /* HomeViewController.swift in Sources */ = {isa = PBXBuildFile; fileRef = 1AB075372C3FC82100199164 /* HomeViewController.swift */; };
		1AB075762C3FE5CB00199164 /* LoginView.swift in Sources */ = {isa = PBXBuildFile; fileRef = 1AB075752C3FE5CB00199164 /* LoginView.swift */; };
		1AB075792C3FF10D00199164 /* LoginViewController.swift in Sources */ = {isa = PBXBuildFile; fileRef = 1AB075782C3FF10D00199164 /* LoginViewController.swift */; };
		1AB0757D2C3FF41700199164 /* HomeNaviMapView.swift in Sources */ = {isa = PBXBuildFile; fileRef = 1AB0757C2C3FF41700199164 /* HomeNaviMapView.swift */; };
		1AD90FA12C4033E900445D6E /* AppController.swift in Sources */ = {isa = PBXBuildFile; fileRef = 1AD90FA02C4033E900445D6E /* AppController.swift */; };
/* End PBXBuildFile section */

/* Begin PBXFileReference section */
		107309E02C522B7900E37ED1 /* CalendarViewController.swift */ = {isa = PBXFileReference; fileEncoding = 4; lastKnownFileType = sourcecode.swift; path = CalendarViewController.swift; sourceTree = "<group>"; };
		107309E22C522B8200E37ED1 /* DetailDayViewController.swift */ = {isa = PBXFileReference; fileEncoding = 4; lastKnownFileType = sourcecode.swift; path = DetailDayViewController.swift; sourceTree = "<group>"; };
		107309E52C522B9E00E37ED1 /* DayCell.swift */ = {isa = PBXFileReference; fileEncoding = 4; lastKnownFileType = sourcecode.swift; path = DayCell.swift; sourceTree = "<group>"; };
		107309E72C522BB200E37ED1 /* CalendarView.swift */ = {isa = PBXFileReference; fileEncoding = 4; lastKnownFileType = sourcecode.swift; path = CalendarView.swift; sourceTree = "<group>"; };
		107309E82C522BB300E37ED1 /* CalendarHeaderView.swift */ = {isa = PBXFileReference; fileEncoding = 4; lastKnownFileType = sourcecode.swift; path = CalendarHeaderView.swift; sourceTree = "<group>"; };
		107309ED2C57D95D00E37ED1 /* AddFriendCell.swift */ = {isa = PBXFileReference; fileEncoding = 4; lastKnownFileType = sourcecode.swift; path = AddFriendCell.swift; sourceTree = "<group>"; };
		10F7DCD72C45325C00C69573 /* GoogleService-Info.plist */ = {isa = PBXFileReference; fileEncoding = 4; lastKnownFileType = text.plist.xml; path = "GoogleService-Info.plist"; sourceTree = "<group>"; };
		10F7DCDF2C4557E900C69573 /* CustomBarItemConfiguration.swift */ = {isa = PBXFileReference; lastKnownFileType = sourcecode.swift; path = CustomBarItemConfiguration.swift; sourceTree = "<group>"; };
		10F7DCE12C455D7E00C69573 /* FriendListView.swift */ = {isa = PBXFileReference; lastKnownFileType = sourcecode.swift; name = FriendListView.swift; path = Momentrack/Extension/FriendListView.swift; sourceTree = SOURCE_ROOT; };
		10F7DCE42C455F1800C69573 /* FriendCell.swift */ = {isa = PBXFileReference; lastKnownFileType = sourcecode.swift; path = FriendCell.swift; sourceTree = "<group>"; };
		10F7DCE62C456AA600C69573 /* MomentListView.swift */ = {isa = PBXFileReference; lastKnownFileType = sourcecode.swift; path = MomentListView.swift; sourceTree = "<group>"; };
		10F7DCE82C456BC200C69573 /* MomentCell.swift */ = {isa = PBXFileReference; lastKnownFileType = sourcecode.swift; path = MomentCell.swift; sourceTree = "<group>"; };
		10F7DCEA2C4660E700C69573 /* TodayDateView.swift */ = {isa = PBXFileReference; lastKnownFileType = sourcecode.swift; path = TodayDateView.swift; sourceTree = "<group>"; };
		10F7DCEC2C46649F00C69573 /* ImageCacheManager.swift */ = {isa = PBXFileReference; lastKnownFileType = sourcecode.swift; path = ImageCacheManager.swift; sourceTree = "<group>"; };
		10F7DCEE2C47557C00C69573 /* MomentFriendCell.swift */ = {isa = PBXFileReference; lastKnownFileType = sourcecode.swift; path = MomentFriendCell.swift; sourceTree = "<group>"; };
		10F7DCF02C479F8300C69573 /* Extensions.swift */ = {isa = PBXFileReference; lastKnownFileType = sourcecode.swift; path = Extensions.swift; sourceTree = "<group>"; };
		10F7DD522C4E1F1200C69573 /* SettingViewController.swift */ = {isa = PBXFileReference; lastKnownFileType = sourcecode.swift; path = SettingViewController.swift; sourceTree = "<group>"; };
		10F7DD552C4E1F6000C69573 /* SettingView.swift */ = {isa = PBXFileReference; lastKnownFileType = sourcecode.swift; path = SettingView.swift; sourceTree = "<group>"; };
		10F7DD582C4E287700C69573 /* TitleButtonCell.swift */ = {isa = PBXFileReference; lastKnownFileType = sourcecode.swift; path = TitleButtonCell.swift; sourceTree = "<group>"; };
		10F7DD602C4E408600C69573 /* CustomAlertViewController.swift */ = {isa = PBXFileReference; lastKnownFileType = sourcecode.swift; path = CustomAlertViewController.swift; sourceTree = "<group>"; };
		10F7DD622C4F387500C69573 /* Network.swift */ = {isa = PBXFileReference; lastKnownFileType = sourcecode.swift; path = Network.swift; sourceTree = "<group>"; };
		1A1061E72C483B79004D0396 /* Momentrack.entitlements */ = {isa = PBXFileReference; lastKnownFileType = text.plist.entitlements; path = Momentrack.entitlements; sourceTree = "<group>"; };
		1A1061EB2C4B5D7C004D0396 /* PostingMomentView.swift */ = {isa = PBXFileReference; lastKnownFileType = sourcecode.swift; path = PostingMomentView.swift; sourceTree = "<group>"; };
		1A1061F72C4C2304004D0396 /* PostingMomentViewController.swift */ = {isa = PBXFileReference; lastKnownFileType = sourcecode.swift; path = PostingMomentViewController.swift; sourceTree = "<group>"; };
		1A1062092C4E4703004D0396 /* UIButton.swift */ = {isa = PBXFileReference; lastKnownFileType = sourcecode.swift; path = UIButton.swift; sourceTree = "<group>"; };
		1A10620F2C50CE4C004D0396 /* MomentTextView.swift */ = {isa = PBXFileReference; lastKnownFileType = sourcecode.swift; path = MomentTextView.swift; sourceTree = "<group>"; };
		1A10621C2C50EB29004D0396 /* User.swift */ = {isa = PBXFileReference; fileEncoding = 4; lastKnownFileType = sourcecode.swift; path = User.swift; sourceTree = "<group>"; };
		1A10621E2C50EB34004D0396 /* Moment.swift */ = {isa = PBXFileReference; fileEncoding = 4; lastKnownFileType = sourcecode.swift; path = Moment.swift; sourceTree = "<group>"; };
		1A151AAB2C5272E7008ACFDA /* MapViewController.swift */ = {isa = PBXFileReference; lastKnownFileType = sourcecode.swift; path = MapViewController.swift; sourceTree = "<group>"; };
		1A69A7242C57828C00294D6D /* UIView+Extensions.swift */ = {isa = PBXFileReference; lastKnownFileType = sourcecode.swift; path = "UIView+Extensions.swift"; sourceTree = "<group>"; };
		1A69A7262C578F5F00294D6D /* SharingManager.swift */ = {isa = PBXFileReference; lastKnownFileType = sourcecode.swift; path = SharingManager.swift; sourceTree = "<group>"; };

		1A9D95F62C5A5A14009BDF9C /* HomeNaviMapViewController.swift */ = {isa = PBXFileReference; lastKnownFileType = sourcecode.swift; path = HomeNaviMapViewController.swift; sourceTree = "<group>"; };

		1A9D95F42C59FEBD009BDF9C /* UIColor+Extensions.swift */ = {isa = PBXFileReference; lastKnownFileType = sourcecode.swift; path = "UIColor+Extensions.swift"; sourceTree = "<group>"; };

		1AB075182C3FC46100199164 /* Momentrack.app */ = {isa = PBXFileReference; explicitFileType = wrapper.application; includeInIndex = 0; path = Momentrack.app; sourceTree = BUILT_PRODUCTS_DIR; };
		1AB0751B2C3FC46100199164 /* AppDelegate.swift */ = {isa = PBXFileReference; lastKnownFileType = sourcecode.swift; path = AppDelegate.swift; sourceTree = "<group>"; };
		1AB0751D2C3FC46100199164 /* SceneDelegate.swift */ = {isa = PBXFileReference; lastKnownFileType = sourcecode.swift; path = SceneDelegate.swift; sourceTree = "<group>"; };
		1AB075242C3FC46200199164 /* Assets.xcassets */ = {isa = PBXFileReference; lastKnownFileType = folder.assetcatalog; path = Assets.xcassets; sourceTree = "<group>"; };
		1AB075272C3FC46200199164 /* Base */ = {isa = PBXFileReference; lastKnownFileType = file.storyboard; name = Base; path = Base.lproj/LaunchScreen.storyboard; sourceTree = "<group>"; };
		1AB075292C3FC46200199164 /* Info.plist */ = {isa = PBXFileReference; lastKnownFileType = text.plist.xml; path = Info.plist; sourceTree = "<group>"; };
		1AB075372C3FC82100199164 /* HomeViewController.swift */ = {isa = PBXFileReference; lastKnownFileType = sourcecode.swift; path = HomeViewController.swift; sourceTree = "<group>"; };
		1AB075752C3FE5CB00199164 /* LoginView.swift */ = {isa = PBXFileReference; lastKnownFileType = sourcecode.swift; path = LoginView.swift; sourceTree = "<group>"; };
		1AB075782C3FF10D00199164 /* LoginViewController.swift */ = {isa = PBXFileReference; lastKnownFileType = sourcecode.swift; path = LoginViewController.swift; sourceTree = "<group>"; };
		1AB0757C2C3FF41700199164 /* HomeNaviMapView.swift */ = {isa = PBXFileReference; lastKnownFileType = sourcecode.swift; path = HomeNaviMapView.swift; sourceTree = "<group>"; };
		1AD90FA02C4033E900445D6E /* AppController.swift */ = {isa = PBXFileReference; lastKnownFileType = sourcecode.swift; path = AppController.swift; sourceTree = "<group>"; };
/* End PBXFileReference section */

/* Begin PBXFrameworksBuildPhase section */
		1AB075152C3FC46100199164 /* Frameworks */ = {
			isa = PBXFrameworksBuildPhase;
			buildActionMask = 2147483647;
			files = (
				1A1061DB2C47F519004D0396 /* FirebaseMessaging in Frameworks */,
				10F7DCD02C45318700C69573 /* FirebaseFirestoreCombine-Community in Frameworks */,
				1A1061CD2C47F519004D0396 /* FirebaseAppCheck in Frameworks */,
				10F7DCCA2C45318700C69573 /* FirebaseDatabaseSwift in Frameworks */,
				10F7DCCC2C45318700C69573 /* FirebaseDynamicLinks in Frameworks */,
				10F7DCD22C45318700C69573 /* FirebaseFirestoreSwift in Frameworks */,
				10F7DCC22C45318700C69573 /* FirebaseAnalyticsWithoutAdIdSupport in Frameworks */,
				1A1061D32C47F519004D0396 /* FirebaseFunctions in Frameworks */,
				1A1061D92C47F519004D0396 /* FirebaseMLModelDownloader in Frameworks */,
				10F7DCCE2C45318700C69573 /* FirebaseFirestore in Frameworks */,
				10F7DCD42C45318700C69573 /* FirebaseStorage in Frameworks */,
				10F7DCBC2C45318700C69573 /* FirebaseAnalytics in Frameworks */,
				10F7DCD62C45318700C69573 /* FirebaseStorageCombine-Community in Frameworks */,
				10F7DCBE2C45318700C69573 /* FirebaseAnalyticsOnDeviceConversion in Frameworks */,
				1A1061D52C47F519004D0396 /* FirebaseFunctionsCombine-Community in Frameworks */,
				1A1061DD2C47F519004D0396 /* FirebasePerformance in Frameworks */,
				1A1062072C4E2701004D0396 /* SnapKit in Frameworks */,
				10F7DCC42C45318700C69573 /* FirebaseAuth in Frameworks */,
				1A1061D12C47F519004D0396 /* FirebaseCrashlytics in Frameworks */,
				1A1061D72C47F519004D0396 /* FirebaseInAppMessaging-Beta in Frameworks */,
				1A1061E12C47F519004D0396 /* FirebaseRemoteConfigSwift in Frameworks */,
				10F7DCC82C45318700C69573 /* FirebaseDatabase in Frameworks */,
				10F7DCC02C45318700C69573 /* FirebaseAnalyticsSwift in Frameworks */,
				1A1061E32C47F519004D0396 /* FirebaseVertexAI-Preview in Frameworks */,
				1A1061DF2C47F519004D0396 /* FirebaseRemoteConfig in Frameworks */,
				10F7DCC62C45318700C69573 /* FirebaseAuthCombine-Community in Frameworks */,
				1A1061CF2C47F519004D0396 /* FirebaseAppDistribution-Beta in Frameworks */,
			);
			runOnlyForDeploymentPostprocessing = 0;
		};
/* End PBXFrameworksBuildPhase section */

/* Begin PBXGroup section */
		107309E42C522B9E00E37ED1 /* Cell */ = {
			isa = PBXGroup;
			children = (
				107309E52C522B9E00E37ED1 /* DayCell.swift */,
			);
			path = Cell;
			sourceTree = "<group>";
		};
		10F7DCDE2C4557CE00C69573 /* Extension */ = {
			isa = PBXGroup;
			children = (
				10F7DCF02C479F8300C69573 /* Extensions.swift */,
				10F7DCDF2C4557E900C69573 /* CustomBarItemConfiguration.swift */,
				10F7DCEC2C46649F00C69573 /* ImageCacheManager.swift */,
				1A10620F2C50CE4C004D0396 /* MomentTextView.swift */,
				1A1062092C4E4703004D0396 /* UIButton.swift */,
				10F7DD622C4F387500C69573 /* Network.swift */,
				1A69A7242C57828C00294D6D /* UIView+Extensions.swift */,
				1A69A7262C578F5F00294D6D /* SharingManager.swift */,
				1A9D95F42C59FEBD009BDF9C /* UIColor+Extensions.swift */,
			);
			path = Extension;
			sourceTree = "<group>";
		};
		10F7DCE32C455F0100C69573 /* Cell */ = {
			isa = PBXGroup;
			children = (
				10F7DCE42C455F1800C69573 /* FriendCell.swift */,
				107309ED2C57D95D00E37ED1 /* AddFriendCell.swift */,
				10F7DCE82C456BC200C69573 /* MomentCell.swift */,
				10F7DCEE2C47557C00C69573 /* MomentFriendCell.swift */,
			);
			path = Cell;
			sourceTree = "<group>";
		};
		10F7DD542C4E1F3A00C69573 /* Setting */ = {
			isa = PBXGroup;
			children = (
				10F7DD572C4E284500C69573 /* Cell */,
				10F7DD552C4E1F6000C69573 /* SettingView.swift */,
			);
			path = Setting;
			sourceTree = "<group>";
		};
		10F7DD572C4E284500C69573 /* Cell */ = {
			isa = PBXGroup;
			children = (
				10F7DD582C4E287700C69573 /* TitleButtonCell.swift */,
			);
			path = Cell;
			sourceTree = "<group>";
		};
		1A1062162C50EA6D004D0396 /* Model */ = {
			isa = PBXGroup;
			children = (
				1A10621C2C50EB29004D0396 /* User.swift */,
				1A10621E2C50EB34004D0396 /* Moment.swift */,
			);
			name = Model;
			path = Momentrack/Model;
			sourceTree = SOURCE_ROOT;
		};
		1AB0750F2C3FC46100199164 = {
			isa = PBXGroup;
			children = (
				1AB0751A2C3FC46100199164 /* Momentrack */,
				1AB075192C3FC46100199164 /* Products */,
			);
			sourceTree = "<group>";
		};
		1AB075192C3FC46100199164 /* Products */ = {
			isa = PBXGroup;
			children = (
				1AB075182C3FC46100199164 /* Momentrack.app */,
			);
			name = Products;
			sourceTree = "<group>";
		};
		1AB0751A2C3FC46100199164 /* Momentrack */ = {
			isa = PBXGroup;
			children = (
				1A1061E72C483B79004D0396 /* Momentrack.entitlements */,
				1AB075302C3FC4C000199164 /* Applications */,
				1A1062162C50EA6D004D0396 /* Model */,
				1AB075322C3FC70600199164 /* Controller */,
				1AB075332C3FC74200199164 /* View */,
				10F7DCDE2C4557CE00C69573 /* Extension */,
				1AB075352C3FC7BB00199164 /* Resources */,
			);
			path = Momentrack;
			sourceTree = "<group>";
		};
		1AB075302C3FC4C000199164 /* Applications */ = {
			isa = PBXGroup;
			children = (
				1AD90FA02C4033E900445D6E /* AppController.swift */,
				1AB0751B2C3FC46100199164 /* AppDelegate.swift */,
				1AB0751D2C3FC46100199164 /* SceneDelegate.swift */,
			);
			path = Applications;
			sourceTree = "<group>";
		};
		1AB075322C3FC70600199164 /* Controller */ = {
			isa = PBXGroup;
			children = (
				1AB075782C3FF10D00199164 /* LoginViewController.swift */,
				1AB075372C3FC82100199164 /* HomeViewController.swift */,
				1A1061F72C4C2304004D0396 /* PostingMomentViewController.swift */,
				107309E02C522B7900E37ED1 /* CalendarViewController.swift */,
				107309E22C522B8200E37ED1 /* DetailDayViewController.swift */,
				10F7DD522C4E1F1200C69573 /* SettingViewController.swift */,
				10F7DD602C4E408600C69573 /* CustomAlertViewController.swift */,
				1A151AAB2C5272E7008ACFDA /* MapViewController.swift */,
				1A9D95F62C5A5A14009BDF9C /* HomeNaviMapViewController.swift */,
			);
			path = Controller;
			sourceTree = "<group>";
		};
		1AB075332C3FC74200199164 /* View */ = {
			isa = PBXGroup;
			children = (
				1AB0757E2C3FF41B00199164 /* Login */,
				1AB0757F2C3FF42500199164 /* Home */,
				1AB075802C3FF42D00199164 /* Map */,
				1AB075812C3FF43B00199164 /* Calendar */,
				10F7DD542C4E1F3A00C69573 /* Setting */,
			);
			path = View;
			sourceTree = "<group>";
		};
		1AB075352C3FC7BB00199164 /* Resources */ = {
			isa = PBXGroup;
			children = (
				1AB075242C3FC46200199164 /* Assets.xcassets */,
				1AB075262C3FC46200199164 /* LaunchScreen.storyboard */,
				1AB075292C3FC46200199164 /* Info.plist */,
				10F7DCD72C45325C00C69573 /* GoogleService-Info.plist */,
			);
			path = Resources;
			sourceTree = "<group>";
		};
		1AB0757E2C3FF41B00199164 /* Login */ = {
			isa = PBXGroup;
			children = (
				1AB075752C3FE5CB00199164 /* LoginView.swift */,
			);
			path = Login;
			sourceTree = "<group>";
		};
		1AB0757F2C3FF42500199164 /* Home */ = {
			isa = PBXGroup;
			children = (
				10F7DCE32C455F0100C69573 /* Cell */,
				10F7DCE12C455D7E00C69573 /* FriendListView.swift */,
				10F7DCE62C456AA600C69573 /* MomentListView.swift */,
				10F7DCEA2C4660E700C69573 /* TodayDateView.swift */,
				1A1061EB2C4B5D7C004D0396 /* PostingMomentView.swift */,
			);
			path = Home;
			sourceTree = "<group>";
		};
		1AB075802C3FF42D00199164 /* Map */ = {
			isa = PBXGroup;
			children = (
				1AB0757C2C3FF41700199164 /* HomeNaviMapView.swift */,
			);
			path = Map;
			sourceTree = "<group>";
		};
		1AB075812C3FF43B00199164 /* Calendar */ = {
			isa = PBXGroup;
			children = (
				107309E42C522B9E00E37ED1 /* Cell */,
				107309E82C522BB300E37ED1 /* CalendarHeaderView.swift */,
				107309E72C522BB200E37ED1 /* CalendarView.swift */,
			);
			path = Calendar;
			sourceTree = "<group>";
		};
/* End PBXGroup section */

/* Begin PBXNativeTarget section */
		1AB075172C3FC46100199164 /* Momentrack */ = {
			isa = PBXNativeTarget;
			buildConfigurationList = 1AB0752C2C3FC46200199164 /* Build configuration list for PBXNativeTarget "Momentrack" */;
			buildPhases = (
				1AB075142C3FC46100199164 /* Sources */,
				1AB075152C3FC46100199164 /* Frameworks */,
				1AB075162C3FC46100199164 /* Resources */,
			);
			buildRules = (
			);
			dependencies = (
			);
			name = Momentrack;
			packageProductDependencies = (
				10F7DCBB2C45318700C69573 /* FirebaseAnalytics */,
				10F7DCBD2C45318700C69573 /* FirebaseAnalyticsOnDeviceConversion */,
				10F7DCBF2C45318700C69573 /* FirebaseAnalyticsSwift */,
				10F7DCC12C45318700C69573 /* FirebaseAnalyticsWithoutAdIdSupport */,
				10F7DCC32C45318700C69573 /* FirebaseAuth */,
				10F7DCC52C45318700C69573 /* FirebaseAuthCombine-Community */,
				10F7DCC72C45318700C69573 /* FirebaseDatabase */,
				10F7DCC92C45318700C69573 /* FirebaseDatabaseSwift */,
				10F7DCCB2C45318700C69573 /* FirebaseDynamicLinks */,
				10F7DCCD2C45318700C69573 /* FirebaseFirestore */,
				10F7DCCF2C45318700C69573 /* FirebaseFirestoreCombine-Community */,
				10F7DCD12C45318700C69573 /* FirebaseFirestoreSwift */,
				10F7DCD32C45318700C69573 /* FirebaseStorage */,
				10F7DCD52C45318700C69573 /* FirebaseStorageCombine-Community */,
				1A1061CC2C47F519004D0396 /* FirebaseAppCheck */,
				1A1061CE2C47F519004D0396 /* FirebaseAppDistribution-Beta */,
				1A1061D02C47F519004D0396 /* FirebaseCrashlytics */,
				1A1061D22C47F519004D0396 /* FirebaseFunctions */,
				1A1061D42C47F519004D0396 /* FirebaseFunctionsCombine-Community */,
				1A1061D62C47F519004D0396 /* FirebaseInAppMessaging-Beta */,
				1A1061D82C47F519004D0396 /* FirebaseMLModelDownloader */,
				1A1061DA2C47F519004D0396 /* FirebaseMessaging */,
				1A1061DC2C47F519004D0396 /* FirebasePerformance */,
				1A1061DE2C47F519004D0396 /* FirebaseRemoteConfig */,
				1A1061E02C47F519004D0396 /* FirebaseRemoteConfigSwift */,
				1A1061E22C47F519004D0396 /* FirebaseVertexAI-Preview */,
				1A1062062C4E2701004D0396 /* SnapKit */,
			);
			productName = Momentrack;
			productReference = 1AB075182C3FC46100199164 /* Momentrack.app */;
			productType = "com.apple.product-type.application";
		};
/* End PBXNativeTarget section */

/* Begin PBXProject section */
		1AB075102C3FC46100199164 /* Project object */ = {
			isa = PBXProject;
			attributes = {
				BuildIndependentTargetsInParallel = 1;
				LastSwiftUpdateCheck = 1530;
				LastUpgradeCheck = 1530;
				TargetAttributes = {
					1AB075172C3FC46100199164 = {
						CreatedOnToolsVersion = 15.3;
					};
				};
			};
			buildConfigurationList = 1AB075132C3FC46100199164 /* Build configuration list for PBXProject "Momentrack" */;
			compatibilityVersion = "Xcode 15.0";
			developmentRegion = en;
			hasScannedForEncodings = 0;
			knownRegions = (
				en,
				Base,
			);
			mainGroup = 1AB0750F2C3FC46100199164;
			packageReferences = (
				10F7DCBA2C45318700C69573 /* XCRemoteSwiftPackageReference "firebase-ios-sdk" */,
				1A1062052C4E2701004D0396 /* XCRemoteSwiftPackageReference "SnapKit" */,
			);
			productRefGroup = 1AB075192C3FC46100199164 /* Products */;
			projectDirPath = "";
			projectRoot = "";
			targets = (
				1AB075172C3FC46100199164 /* Momentrack */,
			);
		};
/* End PBXProject section */

/* Begin PBXResourcesBuildPhase section */
		1AB075162C3FC46100199164 /* Resources */ = {
			isa = PBXResourcesBuildPhase;
			buildActionMask = 2147483647;
			files = (
				1AB075252C3FC46200199164 /* Assets.xcassets in Resources */,
				1AB075282C3FC46200199164 /* Base in Resources */,
				10F7DCD82C45325C00C69573 /* GoogleService-Info.plist in Resources */,
			);
			runOnlyForDeploymentPostprocessing = 0;
		};
/* End PBXResourcesBuildPhase section */

/* Begin PBXSourcesBuildPhase section */
		1AB075142C3FC46100199164 /* Sources */ = {
			isa = PBXSourcesBuildPhase;
			buildActionMask = 2147483647;
			files = (
				10F7DCE52C455F1800C69573 /* FriendCell.swift in Sources */,
				1AB0757D2C3FF41700199164 /* HomeNaviMapView.swift in Sources */,
				10F7DD612C4E408600C69573 /* CustomAlertViewController.swift in Sources */,
				10F7DCED2C46649F00C69573 /* ImageCacheManager.swift in Sources */,
				1A9D95F72C5A5A14009BDF9C /* HomeNaviMapViewController.swift in Sources */,
				10F7DCE72C456AA600C69573 /* MomentListView.swift in Sources */,
				1A10621D2C50EB29004D0396 /* User.swift in Sources */,
				1A1062102C50CE4C004D0396 /* MomentTextView.swift in Sources */,
				1AB0751C2C3FC46100199164 /* AppDelegate.swift in Sources */,
				10F7DD532C4E1F1200C69573 /* SettingViewController.swift in Sources */,
				107309E12C522B7900E37ED1 /* CalendarViewController.swift in Sources */,
				1AB0751E2C3FC46100199164 /* SceneDelegate.swift in Sources */,
				10F7DCE92C456BC200C69573 /* MomentCell.swift in Sources */,
				10F7DCE22C455D7E00C69573 /* FriendListView.swift in Sources */,
				10F7DD562C4E1F6000C69573 /* SettingView.swift in Sources */,
				10F7DCEF2C47557C00C69573 /* MomentFriendCell.swift in Sources */,
				1A1061F82C4C2304004D0396 /* PostingMomentViewController.swift in Sources */,
				10F7DD592C4E287700C69573 /* TitleButtonCell.swift in Sources */,
				10F7DCF12C479F8300C69573 /* Extensions.swift in Sources */,
				1A69A7222C5691F600294D6D /* Network.swift in Sources */,
				1AB075762C3FE5CB00199164 /* LoginView.swift in Sources */,
				1A69A7232C5692DC00294D6D /* Moment.swift in Sources */,
				107309EE2C57D95D00E37ED1 /* AddFriendCell.swift in Sources */,
				1AD90FA12C4033E900445D6E /* AppController.swift in Sources */,
				10F7DCEB2C4660E700C69573 /* TodayDateView.swift in Sources */,
				1AB075792C3FF10D00199164 /* LoginViewController.swift in Sources */,
				1A69A7272C578F5F00294D6D /* SharingManager.swift in Sources */,
				1A1061EC2C4B5D7C004D0396 /* PostingMomentView.swift in Sources */,
				107309E62C522B9F00E37ED1 /* DayCell.swift in Sources */,
				1AB075792C3FF10D00199164 /* LoginViewController.swift in Sources */,
				1A9D95F52C59FEBD009BDF9C /* UIColor+Extensions.swift in Sources */,
				107309EA2C522BB300E37ED1 /* CalendarHeaderView.swift in Sources */,
				10F7DCE02C4557E900C69573 /* CustomBarItemConfiguration.swift in Sources */,
				107309E92C522BB300E37ED1 /* CalendarView.swift in Sources */,
				1AB075382C3FC82100199164 /* HomeViewController.swift in Sources */,
				1A151AAC2C5272E7008ACFDA /* MapViewController.swift in Sources */,
				1A69A7252C57828C00294D6D /* UIView+Extensions.swift in Sources */,
				1A10620A2C4E4703004D0396 /* UIButton.swift in Sources */,
				107309E32C522B8200E37ED1 /* DetailDayViewController.swift in Sources */,
			);
			runOnlyForDeploymentPostprocessing = 0;
		};
/* End PBXSourcesBuildPhase section */

/* Begin PBXVariantGroup section */
		1AB075262C3FC46200199164 /* LaunchScreen.storyboard */ = {
			isa = PBXVariantGroup;
			children = (
				1AB075272C3FC46200199164 /* Base */,
			);
			name = LaunchScreen.storyboard;
			sourceTree = "<group>";
		};
/* End PBXVariantGroup section */

/* Begin XCBuildConfiguration section */
		1AB0752A2C3FC46200199164 /* Debug */ = {
			isa = XCBuildConfiguration;
			buildSettings = {
				ALWAYS_SEARCH_USER_PATHS = NO;
				ASSETCATALOG_COMPILER_GENERATE_SWIFT_ASSET_SYMBOL_EXTENSIONS = YES;
				CLANG_ANALYZER_NONNULL = YES;
				CLANG_ANALYZER_NUMBER_OBJECT_CONVERSION = YES_AGGRESSIVE;
				CLANG_CXX_LANGUAGE_STANDARD = "gnu++20";
				CLANG_ENABLE_MODULES = YES;
				CLANG_ENABLE_OBJC_ARC = YES;
				CLANG_ENABLE_OBJC_WEAK = YES;
				CLANG_WARN_BLOCK_CAPTURE_AUTORELEASING = YES;
				CLANG_WARN_BOOL_CONVERSION = YES;
				CLANG_WARN_COMMA = YES;
				CLANG_WARN_CONSTANT_CONVERSION = YES;
				CLANG_WARN_DEPRECATED_OBJC_IMPLEMENTATIONS = YES;
				CLANG_WARN_DIRECT_OBJC_ISA_USAGE = YES_ERROR;
				CLANG_WARN_DOCUMENTATION_COMMENTS = YES;
				CLANG_WARN_EMPTY_BODY = YES;
				CLANG_WARN_ENUM_CONVERSION = YES;
				CLANG_WARN_INFINITE_RECURSION = YES;
				CLANG_WARN_INT_CONVERSION = YES;
				CLANG_WARN_NON_LITERAL_NULL_CONVERSION = YES;
				CLANG_WARN_OBJC_IMPLICIT_RETAIN_SELF = YES;
				CLANG_WARN_OBJC_LITERAL_CONVERSION = YES;
				CLANG_WARN_OBJC_ROOT_CLASS = YES_ERROR;
				CLANG_WARN_QUOTED_INCLUDE_IN_FRAMEWORK_HEADER = YES;
				CLANG_WARN_RANGE_LOOP_ANALYSIS = YES;
				CLANG_WARN_STRICT_PROTOTYPES = YES;
				CLANG_WARN_SUSPICIOUS_MOVE = YES;
				CLANG_WARN_UNGUARDED_AVAILABILITY = YES_AGGRESSIVE;
				CLANG_WARN_UNREACHABLE_CODE = YES;
				CLANG_WARN__DUPLICATE_METHOD_MATCH = YES;
				COPY_PHASE_STRIP = NO;
				DEBUG_INFORMATION_FORMAT = dwarf;
				ENABLE_STRICT_OBJC_MSGSEND = YES;
				ENABLE_TESTABILITY = YES;
				ENABLE_USER_SCRIPT_SANDBOXING = YES;
				GCC_C_LANGUAGE_STANDARD = gnu17;
				GCC_DYNAMIC_NO_PIC = NO;
				GCC_NO_COMMON_BLOCKS = YES;
				GCC_OPTIMIZATION_LEVEL = 0;
				GCC_PREPROCESSOR_DEFINITIONS = (
					"DEBUG=1",
					"$(inherited)",
				);
				GCC_WARN_64_TO_32_BIT_CONVERSION = YES;
				GCC_WARN_ABOUT_RETURN_TYPE = YES_ERROR;
				GCC_WARN_UNDECLARED_SELECTOR = YES;
				GCC_WARN_UNINITIALIZED_AUTOS = YES_AGGRESSIVE;
				GCC_WARN_UNUSED_FUNCTION = YES;
				GCC_WARN_UNUSED_VARIABLE = YES;
				IBSC_FLATTEN_NIBS = YES;
				IPHONEOS_DEPLOYMENT_TARGET = 16.0;
				LOCALIZATION_PREFERS_STRING_CATALOGS = YES;
				MTL_ENABLE_DEBUG_INFO = INCLUDE_SOURCE;
				MTL_FAST_MATH = YES;
				ONLY_ACTIVE_ARCH = YES;
				SDKROOT = iphoneos;
				SWIFT_ACTIVE_COMPILATION_CONDITIONS = "DEBUG $(inherited)";
				SWIFT_OPTIMIZATION_LEVEL = "-Onone";
			};
			name = Debug;
		};
		1AB0752B2C3FC46200199164 /* Release */ = {
			isa = XCBuildConfiguration;
			buildSettings = {
				ALWAYS_SEARCH_USER_PATHS = NO;
				ASSETCATALOG_COMPILER_GENERATE_SWIFT_ASSET_SYMBOL_EXTENSIONS = YES;
				CLANG_ANALYZER_NONNULL = YES;
				CLANG_ANALYZER_NUMBER_OBJECT_CONVERSION = YES_AGGRESSIVE;
				CLANG_CXX_LANGUAGE_STANDARD = "gnu++20";
				CLANG_ENABLE_MODULES = YES;
				CLANG_ENABLE_OBJC_ARC = YES;
				CLANG_ENABLE_OBJC_WEAK = YES;
				CLANG_WARN_BLOCK_CAPTURE_AUTORELEASING = YES;
				CLANG_WARN_BOOL_CONVERSION = YES;
				CLANG_WARN_COMMA = YES;
				CLANG_WARN_CONSTANT_CONVERSION = YES;
				CLANG_WARN_DEPRECATED_OBJC_IMPLEMENTATIONS = YES;
				CLANG_WARN_DIRECT_OBJC_ISA_USAGE = YES_ERROR;
				CLANG_WARN_DOCUMENTATION_COMMENTS = YES;
				CLANG_WARN_EMPTY_BODY = YES;
				CLANG_WARN_ENUM_CONVERSION = YES;
				CLANG_WARN_INFINITE_RECURSION = YES;
				CLANG_WARN_INT_CONVERSION = YES;
				CLANG_WARN_NON_LITERAL_NULL_CONVERSION = YES;
				CLANG_WARN_OBJC_IMPLICIT_RETAIN_SELF = YES;
				CLANG_WARN_OBJC_LITERAL_CONVERSION = YES;
				CLANG_WARN_OBJC_ROOT_CLASS = YES_ERROR;
				CLANG_WARN_QUOTED_INCLUDE_IN_FRAMEWORK_HEADER = YES;
				CLANG_WARN_RANGE_LOOP_ANALYSIS = YES;
				CLANG_WARN_STRICT_PROTOTYPES = YES;
				CLANG_WARN_SUSPICIOUS_MOVE = YES;
				CLANG_WARN_UNGUARDED_AVAILABILITY = YES_AGGRESSIVE;
				CLANG_WARN_UNREACHABLE_CODE = YES;
				CLANG_WARN__DUPLICATE_METHOD_MATCH = YES;
				COPY_PHASE_STRIP = NO;
				DEBUG_INFORMATION_FORMAT = "dwarf-with-dsym";
				ENABLE_NS_ASSERTIONS = NO;
				ENABLE_STRICT_OBJC_MSGSEND = YES;
				ENABLE_USER_SCRIPT_SANDBOXING = YES;
				GCC_C_LANGUAGE_STANDARD = gnu17;
				GCC_NO_COMMON_BLOCKS = YES;
				GCC_WARN_64_TO_32_BIT_CONVERSION = YES;
				GCC_WARN_ABOUT_RETURN_TYPE = YES_ERROR;
				GCC_WARN_UNDECLARED_SELECTOR = YES;
				GCC_WARN_UNINITIALIZED_AUTOS = YES_AGGRESSIVE;
				GCC_WARN_UNUSED_FUNCTION = YES;
				GCC_WARN_UNUSED_VARIABLE = YES;
				IBSC_FLATTEN_NIBS = YES;
				IPHONEOS_DEPLOYMENT_TARGET = 16.0;
				LOCALIZATION_PREFERS_STRING_CATALOGS = YES;
				MTL_ENABLE_DEBUG_INFO = NO;
				MTL_FAST_MATH = YES;
				SDKROOT = iphoneos;
				SWIFT_COMPILATION_MODE = wholemodule;
				VALIDATE_PRODUCT = YES;
			};
			name = Release;
		};
		1AB0752D2C3FC46200199164 /* Debug */ = {
			isa = XCBuildConfiguration;
			buildSettings = {
				ASSETCATALOG_COMPILER_APPICON_NAME = AppIcon;
				ASSETCATALOG_COMPILER_GLOBAL_ACCENT_COLOR_NAME = AccentColor;
				CODE_SIGN_ENTITLEMENTS = Momentrack/Momentrack.entitlements;
				CODE_SIGN_IDENTITY = "Apple Development";
				"CODE_SIGN_IDENTITY[sdk=iphoneos*]" = "iPhone Developer";
				CODE_SIGN_STYLE = Manual;
				CURRENT_PROJECT_VERSION = 1;
				DEVELOPMENT_TEAM = "";
				"DEVELOPMENT_TEAM[sdk=iphoneos*]" = 2P5FNS3JAJ;
				GENERATE_INFOPLIST_FILE = YES;
				INFOPLIST_FILE = Momentrack/Resources/Info.plist;
				INFOPLIST_KEY_CFBundleDisplayName = "";
				INFOPLIST_KEY_LSApplicationCategoryType = "";
				INFOPLIST_KEY_NSCameraUsageDescription = "모멘트랙에 여행사진을 등록하려면 카메라 접근 권한을 허용해주세요.";
				INFOPLIST_KEY_NSLocationWhenInUseUsageDescription = "모멘트랙에 여행 위치를 기록하려면 사용자 위치 접근 권한을 허용해주세요.";
				INFOPLIST_KEY_NSPhotoLibraryAddUsageDescription = "모멘트랙에 여행사진을 등록하려면 사진 접근 권한을 허용해주세요.";
				INFOPLIST_KEY_UIApplicationSupportsIndirectInputEvents = YES;
				INFOPLIST_KEY_UILaunchStoryboardName = LaunchScreen;
				INFOPLIST_KEY_UISupportedInterfaceOrientations = UIInterfaceOrientationPortrait;
				INFOPLIST_KEY_UISupportedInterfaceOrientations_iPad = "UIInterfaceOrientationLandscapeLeft UIInterfaceOrientationLandscapeRight UIInterfaceOrientationPortrait UIInterfaceOrientationPortraitUpsideDown";
				INFOPLIST_KEY_UIUserInterfaceStyle = Light;
				LD_RUNPATH_SEARCH_PATHS = (
					"$(inherited)",
					"@executable_path/Frameworks",
				);
				MARKETING_VERSION = 1.0;
				PRODUCT_BUNDLE_IDENTIFIER = com.app.Momentrack;
				PRODUCT_NAME = "$(TARGET_NAME)";
				PROVISIONING_PROFILE_SPECIFIER = "";
				"PROVISIONING_PROFILE_SPECIFIER[sdk=iphoneos*]" = Momentrack_iOS_Development;
				SUPPORTED_PLATFORMS = "iphoneos iphonesimulator";
				SUPPORTS_MACCATALYST = NO;
				SUPPORTS_MAC_DESIGNED_FOR_IPHONE_IPAD = NO;
				SWIFT_EMIT_LOC_STRINGS = YES;
				SWIFT_VERSION = 5.0;
				TARGETED_DEVICE_FAMILY = 1;
			};
			name = Debug;
		};
		1AB0752E2C3FC46200199164 /* Release */ = {
			isa = XCBuildConfiguration;
			buildSettings = {
				ASSETCATALOG_COMPILER_APPICON_NAME = AppIcon;
				ASSETCATALOG_COMPILER_GLOBAL_ACCENT_COLOR_NAME = AccentColor;
				CODE_SIGN_ENTITLEMENTS = Momentrack/Momentrack.entitlements;
				CODE_SIGN_IDENTITY = "Apple Development";
				"CODE_SIGN_IDENTITY[sdk=iphoneos*]" = "iPhone Developer";
				CODE_SIGN_STYLE = Manual;
				CURRENT_PROJECT_VERSION = 1;
				DEVELOPMENT_TEAM = "";
				"DEVELOPMENT_TEAM[sdk=iphoneos*]" = 2P5FNS3JAJ;
				GENERATE_INFOPLIST_FILE = YES;
				INFOPLIST_FILE = Momentrack/Resources/Info.plist;
				INFOPLIST_KEY_CFBundleDisplayName = "";
				INFOPLIST_KEY_LSApplicationCategoryType = "";
				INFOPLIST_KEY_NSCameraUsageDescription = "모멘트랙에 여행사진을 등록하려면 카메라 접근 권한을 허용해주세요.";
				INFOPLIST_KEY_NSLocationWhenInUseUsageDescription = "모멘트랙에 여행 위치를 기록하려면 사용자 위치 접근 권한을 허용해주세요.";
				INFOPLIST_KEY_NSPhotoLibraryAddUsageDescription = "모멘트랙에 여행사진을 등록하려면 사진 접근 권한을 허용해주세요.";
				INFOPLIST_KEY_UIApplicationSupportsIndirectInputEvents = YES;
				INFOPLIST_KEY_UILaunchStoryboardName = LaunchScreen;
				INFOPLIST_KEY_UISupportedInterfaceOrientations = UIInterfaceOrientationPortrait;
				INFOPLIST_KEY_UISupportedInterfaceOrientations_iPad = "UIInterfaceOrientationLandscapeLeft UIInterfaceOrientationLandscapeRight UIInterfaceOrientationPortrait UIInterfaceOrientationPortraitUpsideDown";
				INFOPLIST_KEY_UIUserInterfaceStyle = Light;
				LD_RUNPATH_SEARCH_PATHS = (
					"$(inherited)",
					"@executable_path/Frameworks",
				);
				MARKETING_VERSION = 1.0;
				PRODUCT_BUNDLE_IDENTIFIER = com.app.Momentrack;
				PRODUCT_NAME = "$(TARGET_NAME)";
				PROVISIONING_PROFILE_SPECIFIER = "";
				"PROVISIONING_PROFILE_SPECIFIER[sdk=iphoneos*]" = Momentrack_iOS_Development;
				SUPPORTED_PLATFORMS = "iphoneos iphonesimulator";
				SUPPORTS_MACCATALYST = NO;
				SUPPORTS_MAC_DESIGNED_FOR_IPHONE_IPAD = NO;
				SWIFT_EMIT_LOC_STRINGS = YES;
				SWIFT_VERSION = 5.0;
				TARGETED_DEVICE_FAMILY = 1;
			};
			name = Release;
		};
/* End XCBuildConfiguration section */

/* Begin XCConfigurationList section */
		1AB075132C3FC46100199164 /* Build configuration list for PBXProject "Momentrack" */ = {
			isa = XCConfigurationList;
			buildConfigurations = (
				1AB0752A2C3FC46200199164 /* Debug */,
				1AB0752B2C3FC46200199164 /* Release */,
			);
			defaultConfigurationIsVisible = 0;
			defaultConfigurationName = Release;
		};
		1AB0752C2C3FC46200199164 /* Build configuration list for PBXNativeTarget "Momentrack" */ = {
			isa = XCConfigurationList;
			buildConfigurations = (
				1AB0752D2C3FC46200199164 /* Debug */,
				1AB0752E2C3FC46200199164 /* Release */,
			);
			defaultConfigurationIsVisible = 0;
			defaultConfigurationName = Release;
		};
/* End XCConfigurationList section */

/* Begin XCRemoteSwiftPackageReference section */
		10F7DCBA2C45318700C69573 /* XCRemoteSwiftPackageReference "firebase-ios-sdk" */ = {
			isa = XCRemoteSwiftPackageReference;
			repositoryURL = "https://github.com/firebase/firebase-ios-sdk";
			requirement = {
				kind = upToNextMajorVersion;
				minimumVersion = 10.29.0;
			};
		};
		1A1062052C4E2701004D0396 /* XCRemoteSwiftPackageReference "SnapKit" */ = {
			isa = XCRemoteSwiftPackageReference;
			repositoryURL = "https://github.com/SnapKit/SnapKit.git";
			requirement = {
				kind = upToNextMajorVersion;
				minimumVersion = 5.7.1;
			};
		};
/* End XCRemoteSwiftPackageReference section */

/* Begin XCSwiftPackageProductDependency section */
		10F7DCBB2C45318700C69573 /* FirebaseAnalytics */ = {
			isa = XCSwiftPackageProductDependency;
			package = 10F7DCBA2C45318700C69573 /* XCRemoteSwiftPackageReference "firebase-ios-sdk" */;
			productName = FirebaseAnalytics;
		};
		10F7DCBD2C45318700C69573 /* FirebaseAnalyticsOnDeviceConversion */ = {
			isa = XCSwiftPackageProductDependency;
			package = 10F7DCBA2C45318700C69573 /* XCRemoteSwiftPackageReference "firebase-ios-sdk" */;
			productName = FirebaseAnalyticsOnDeviceConversion;
		};
		10F7DCBF2C45318700C69573 /* FirebaseAnalyticsSwift */ = {
			isa = XCSwiftPackageProductDependency;
			package = 10F7DCBA2C45318700C69573 /* XCRemoteSwiftPackageReference "firebase-ios-sdk" */;
			productName = FirebaseAnalyticsSwift;
		};
		10F7DCC12C45318700C69573 /* FirebaseAnalyticsWithoutAdIdSupport */ = {
			isa = XCSwiftPackageProductDependency;
			package = 10F7DCBA2C45318700C69573 /* XCRemoteSwiftPackageReference "firebase-ios-sdk" */;
			productName = FirebaseAnalyticsWithoutAdIdSupport;
		};
		10F7DCC32C45318700C69573 /* FirebaseAuth */ = {
			isa = XCSwiftPackageProductDependency;
			package = 10F7DCBA2C45318700C69573 /* XCRemoteSwiftPackageReference "firebase-ios-sdk" */;
			productName = FirebaseAuth;
		};
		10F7DCC52C45318700C69573 /* FirebaseAuthCombine-Community */ = {
			isa = XCSwiftPackageProductDependency;
			package = 10F7DCBA2C45318700C69573 /* XCRemoteSwiftPackageReference "firebase-ios-sdk" */;
			productName = "FirebaseAuthCombine-Community";
		};
		10F7DCC72C45318700C69573 /* FirebaseDatabase */ = {
			isa = XCSwiftPackageProductDependency;
			package = 10F7DCBA2C45318700C69573 /* XCRemoteSwiftPackageReference "firebase-ios-sdk" */;
			productName = FirebaseDatabase;
		};
		10F7DCC92C45318700C69573 /* FirebaseDatabaseSwift */ = {
			isa = XCSwiftPackageProductDependency;
			package = 10F7DCBA2C45318700C69573 /* XCRemoteSwiftPackageReference "firebase-ios-sdk" */;
			productName = FirebaseDatabaseSwift;
		};
		10F7DCCB2C45318700C69573 /* FirebaseDynamicLinks */ = {
			isa = XCSwiftPackageProductDependency;
			package = 10F7DCBA2C45318700C69573 /* XCRemoteSwiftPackageReference "firebase-ios-sdk" */;
			productName = FirebaseDynamicLinks;
		};
		10F7DCCD2C45318700C69573 /* FirebaseFirestore */ = {
			isa = XCSwiftPackageProductDependency;
			package = 10F7DCBA2C45318700C69573 /* XCRemoteSwiftPackageReference "firebase-ios-sdk" */;
			productName = FirebaseFirestore;
		};
		10F7DCCF2C45318700C69573 /* FirebaseFirestoreCombine-Community */ = {
			isa = XCSwiftPackageProductDependency;
			package = 10F7DCBA2C45318700C69573 /* XCRemoteSwiftPackageReference "firebase-ios-sdk" */;
			productName = "FirebaseFirestoreCombine-Community";
		};
		10F7DCD12C45318700C69573 /* FirebaseFirestoreSwift */ = {
			isa = XCSwiftPackageProductDependency;
			package = 10F7DCBA2C45318700C69573 /* XCRemoteSwiftPackageReference "firebase-ios-sdk" */;
			productName = FirebaseFirestoreSwift;
		};
		10F7DCD32C45318700C69573 /* FirebaseStorage */ = {
			isa = XCSwiftPackageProductDependency;
			package = 10F7DCBA2C45318700C69573 /* XCRemoteSwiftPackageReference "firebase-ios-sdk" */;
			productName = FirebaseStorage;
		};
		10F7DCD52C45318700C69573 /* FirebaseStorageCombine-Community */ = {
			isa = XCSwiftPackageProductDependency;
			package = 10F7DCBA2C45318700C69573 /* XCRemoteSwiftPackageReference "firebase-ios-sdk" */;
			productName = "FirebaseStorageCombine-Community";
		};
		1A1061CC2C47F519004D0396 /* FirebaseAppCheck */ = {
			isa = XCSwiftPackageProductDependency;
			package = 10F7DCBA2C45318700C69573 /* XCRemoteSwiftPackageReference "firebase-ios-sdk" */;
			productName = FirebaseAppCheck;
		};
		1A1061CE2C47F519004D0396 /* FirebaseAppDistribution-Beta */ = {
			isa = XCSwiftPackageProductDependency;
			package = 10F7DCBA2C45318700C69573 /* XCRemoteSwiftPackageReference "firebase-ios-sdk" */;
			productName = "FirebaseAppDistribution-Beta";
		};
		1A1061D02C47F519004D0396 /* FirebaseCrashlytics */ = {
			isa = XCSwiftPackageProductDependency;
			package = 10F7DCBA2C45318700C69573 /* XCRemoteSwiftPackageReference "firebase-ios-sdk" */;
			productName = FirebaseCrashlytics;
		};
		1A1061D22C47F519004D0396 /* FirebaseFunctions */ = {
			isa = XCSwiftPackageProductDependency;
			package = 10F7DCBA2C45318700C69573 /* XCRemoteSwiftPackageReference "firebase-ios-sdk" */;
			productName = FirebaseFunctions;
		};
		1A1061D42C47F519004D0396 /* FirebaseFunctionsCombine-Community */ = {
			isa = XCSwiftPackageProductDependency;
			package = 10F7DCBA2C45318700C69573 /* XCRemoteSwiftPackageReference "firebase-ios-sdk" */;
			productName = "FirebaseFunctionsCombine-Community";
		};
		1A1061D62C47F519004D0396 /* FirebaseInAppMessaging-Beta */ = {
			isa = XCSwiftPackageProductDependency;
			package = 10F7DCBA2C45318700C69573 /* XCRemoteSwiftPackageReference "firebase-ios-sdk" */;
			productName = "FirebaseInAppMessaging-Beta";
		};
		1A1061D82C47F519004D0396 /* FirebaseMLModelDownloader */ = {
			isa = XCSwiftPackageProductDependency;
			package = 10F7DCBA2C45318700C69573 /* XCRemoteSwiftPackageReference "firebase-ios-sdk" */;
			productName = FirebaseMLModelDownloader;
		};
		1A1061DA2C47F519004D0396 /* FirebaseMessaging */ = {
			isa = XCSwiftPackageProductDependency;
			package = 10F7DCBA2C45318700C69573 /* XCRemoteSwiftPackageReference "firebase-ios-sdk" */;
			productName = FirebaseMessaging;
		};
		1A1061DC2C47F519004D0396 /* FirebasePerformance */ = {
			isa = XCSwiftPackageProductDependency;
			package = 10F7DCBA2C45318700C69573 /* XCRemoteSwiftPackageReference "firebase-ios-sdk" */;
			productName = FirebasePerformance;
		};
		1A1061DE2C47F519004D0396 /* FirebaseRemoteConfig */ = {
			isa = XCSwiftPackageProductDependency;
			package = 10F7DCBA2C45318700C69573 /* XCRemoteSwiftPackageReference "firebase-ios-sdk" */;
			productName = FirebaseRemoteConfig;
		};
		1A1061E02C47F519004D0396 /* FirebaseRemoteConfigSwift */ = {
			isa = XCSwiftPackageProductDependency;
			package = 10F7DCBA2C45318700C69573 /* XCRemoteSwiftPackageReference "firebase-ios-sdk" */;
			productName = FirebaseRemoteConfigSwift;
		};
		1A1061E22C47F519004D0396 /* FirebaseVertexAI-Preview */ = {
			isa = XCSwiftPackageProductDependency;
			package = 10F7DCBA2C45318700C69573 /* XCRemoteSwiftPackageReference "firebase-ios-sdk" */;
			productName = "FirebaseVertexAI-Preview";
		};
		1A1062062C4E2701004D0396 /* SnapKit */ = {
			isa = XCSwiftPackageProductDependency;
			package = 1A1062052C4E2701004D0396 /* XCRemoteSwiftPackageReference "SnapKit" */;
			productName = SnapKit;
		};
/* End XCSwiftPackageProductDependency section */
	};
	rootObject = 1AB075102C3FC46100199164 /* Project object */;
}
